
Microsoft Visual Studio Solution File, Format Version 12.00
# Visual Studio Version 16
VisualStudioVersion = 16.0.29905.134
MinimumVisualStudioVersion = 10.0.40219.1
Project("{FAE04EC0-301F-11D3-BF4B-00C04F79EFBC}") = "AVALIAÇÃO N2 OFICIAL", "AVALIAÇÃO N2 OFICIAL.csproj", "{C8C8199F-2082-4AFB-83B2-97C391933615}"
EndProject
Global
	GlobalSection(SolutionConfigurationPlatforms) = preSolution
		Debug|Any CPU = Debug|Any CPU
		Release|Any CPU = Release|Any CPU
	EndGlobalSection
	GlobalSection(ProjectConfigurationPlatforms) = postSolution
		{C8C8199F-2082-4AFB-83B2-97C391933615}.Debug|Any CPU.ActiveCfg = Debug|Any CPU
		{C8C8199F-2082-4AFB-83B2-97C391933615}.Debug|Any CPU.Build.0 = Debug|Any CPU
		{C8C8199F-2082-4AFB-83B2-97C391933615}.Release|Any CPU.ActiveCfg = Release|Any CPU
		{C8C8199F-2082-4AFB-83B2-97C391933615}.Release|Any CPU.Build.0 = Release|Any CPU
	EndGlobalSection
	GlobalSection(SolutionProperties) = preSolution
		HideSolutionNode = FALSE
	EndGlobalSection
	GlobalSection(ExtensibilityGlobals) = postSolution
		SolutionGuid = {13EFE066-4761-40EC-BFB9-DD9E8514981C}
	EndGlobalSection
EndGlobal
